{
    "_readme": [
        "This file locks the dependencies of your project to a known state",
        "Read more about it at https://getcomposer.org/doc/01-basic-usage.md#composer-lock-the-lock-file",
        "This file is @generated automatically"
    ],
    "hash": "581c10d098588498669c076ab0ce16b1",
    "content-hash": "588a759c7eaebd90b6be6ce7c30fd240",
    "packages": [
        {
            "name": "terse/framework",
            "version": "dev-version_admin",
            "source": {
                "type": "git",
                "url": "https://github.com/imjcw/framework.git",
                "reference": "8e278984597ee98d5c4ce17e41c6c81551cb1e30"
            },
            "dist": {
                "type": "zip",
                "url": "https://api.github.com/repos/imjcw/framework/zipball/8e278984597ee98d5c4ce17e41c6c81551cb1e30",
                "reference": "8e278984597ee98d5c4ce17e41c6c81551cb1e30",
                "shasum": ""
            },
            "type": "library",
            "autoload": {
                "psr-4": {
                    "Lib\\": "Lib/"
                },
                "files": [
                    "Lib/Support/Helper.php",
                    "Lib/Support/Page.php"
                ]
            },
            "notification-url": "https://packagist.org/downloads/",
            "authors": [
                {
                    "name": "蒋陈伟",
                    "email": "imjcw@imjcw.com"
                }
            ],
            "description": "a simple framework.",
            "time": "2016-03-03 06:56:08"
        }
    ],
    "packages-dev": [],
    "aliases": [],
    "minimum-stability": "stable",
    "stability-flags": {
        "terse/framework": 20
    },
    "prefer-stable": false,
    "prefer-lowest": false,
    "platform": [],
    "platform-dev": []
}
